
Microsoft Visual Studio Solution File, Format Version 12.00
# Visual Studio Version 17
VisualStudioVersion = 17.5.33516.290
MinimumVisualStudioVersion = 10.0.40219.1
Project("{FAE04EC0-301F-11D3-BF4B-00C04F79EFBC}") = "AudiotheatreAPI", "AudiotheatreAPI.csproj", "{18FDF948-A654-4AC4-B528-24DE32B419C6}"
EndProject
Global
	GlobalSection(SolutionConfigurationPlatforms) = preSolution
		Debug|Any CPU = Debug|Any CPU
		Release|Any CPU = Release|Any CPU
	EndGlobalSection
	GlobalSection(ProjectConfigurationPlatforms) = postSolution
		{18FDF948-A654-4AC4-B528-24DE32B419C6}.Debug|Any CPU.ActiveCfg = Debug|Any CPU
		{18FDF948-A654-4AC4-B528-24DE32B419C6}.Debug|Any CPU.Build.0 = Debug|Any CPU
		{18FDF948-A654-4AC4-B528-24DE32B419C6}.Release|Any CPU.ActiveCfg = Release|Any CPU
		{18FDF948-A654-4AC4-B528-24DE32B419C6}.Release|Any CPU.Build.0 = Release|Any CPU
	EndGlobalSection
	GlobalSection(SolutionProperties) = preSolution
		HideSolutionNode = FALSE
	EndGlobalSection
	GlobalSection(ExtensibilityGlobals) = postSolution
		SolutionGuid = {FCCE4332-BCBC-4CEF-A546-69518F22B021}
	EndGlobalSection
EndGlobal
